Microsoft Visual Studio Solution File, Format Version 8.00
Project("{FAE04EC0-301F-11D3-BF4B-00C04F79EFBC}") = "is2otodoke", "http://localhost/is2/is2otodoke/is2otodoke.csproj", "{15D873C0-49FB-4806-853F-C7670634FC1F}"
	ProjectSection(ProjectDependencies) = postProject
	EndProjectSection
EndProject
Global
	GlobalSection(SolutionConfiguration) = preSolution
		Debug = Debug
		Release = Release
	EndGlobalSection
	GlobalSection(ProjectConfiguration) = postSolution
		{15D873C0-49FB-4806-853F-C7670634FC1F}.Debug.ActiveCfg = Debug|.NET
		{15D873C0-49FB-4806-853F-C7670634FC1F}.Debug.Build.0 = Debug|.NET
		{15D873C0-49FB-4806-853F-C7670634FC1F}.Release.ActiveCfg = Release|.NET
		{15D873C0-49FB-4806-853F-C7670634FC1F}.Release.Build.0 = Release|.NET
	EndGlobalSection
	GlobalSection(ExtensibilityGlobals) = postSolution
	EndGlobalSection
	GlobalSection(ExtensibilityAddIns) = postSolution
	EndGlobalSection
EndGlobal
